
Microsoft Visual Studio Solution File, Format Version 12.00
# Visual Studio Version 17
VisualStudioVersion = 17.1.32120.378
MinimumVisualStudioVersion = 10.0.40219.1
Project("{8BC9CEB8-8B4A-11D0-8D11-00A0C91BC942}") = "Zadanie2", "Zadanie2\Zadanie2.vcxproj", "{F266919A-8D9F-4184-8136-1A044523E2E1}"
EndProject
Global
	GlobalSection(SolutionConfigurationPlatforms) = preSolution
		Debug|x64 = Debug|x64
		Debug|x86 = Debug|x86
		Release|x64 = Release|x64
		Release|x86 = Release|x86
	EndGlobalSection
	GlobalSection(ProjectConfigurationPlatforms) = postSolution
		{F266919A-8D9F-4184-8136-1A044523E2E1}.Debug|x64.ActiveCfg = Debug|x64
		{F266919A-8D9F-4184-8136-1A044523E2E1}.Debug|x64.Build.0 = Debug|x64
		{F266919A-8D9F-4184-8136-1A044523E2E1}.Debug|x86.ActiveCfg = Debug|Win32
		{F266919A-8D9F-4184-8136-1A044523E2E1}.Debug|x86.Build.0 = Debug|Win32
		{F266919A-8D9F-4184-8136-1A044523E2E1}.Release|x64.ActiveCfg = Release|x64
		{F266919A-8D9F-4184-8136-1A044523E2E1}.Release|x64.Build.0 = Release|x64
		{F266919A-8D9F-4184-8136-1A044523E2E1}.Release|x86.ActiveCfg = Release|Win32
		{F266919A-8D9F-4184-8136-1A044523E2E1}.Release|x86.Build.0 = Release|Win32
	EndGlobalSection
	GlobalSection(SolutionProperties) = preSolution
		HideSolutionNode = FALSE
	EndGlobalSection
	GlobalSection(ExtensibilityGlobals) = postSolution
		SolutionGuid = {352B19E3-32C8-4A5F-B911-119650F5E8C4}
	EndGlobalSection
EndGlobal
